
Microsoft Visual Studio Solution File, Format Version 12.00
# Visual Studio Version 16
VisualStudioVersion = 16.0.31005.135
MinimumVisualStudioVersion = 10.0.40219.1
Project("{FAE04EC0-301F-11D3-BF4B-00C04F79EFBC}") = "SignalRChat2", "SignalRChat2\SignalRChat2.csproj", "{870C35D8-DD9C-459D-8848-70C10491E4C1}"
EndProject
Global
	GlobalSection(SolutionConfigurationPlatforms) = preSolution
		Debug|Any CPU = Debug|Any CPU
		Release|Any CPU = Release|Any CPU
	EndGlobalSection
	GlobalSection(ProjectConfigurationPlatforms) = postSolution
		{870C35D8-DD9C-459D-8848-70C10491E4C1}.Debug|Any CPU.ActiveCfg = Debug|Any CPU
		{870C35D8-DD9C-459D-8848-70C10491E4C1}.Debug|Any CPU.Build.0 = Debug|Any CPU
		{870C35D8-DD9C-459D-8848-70C10491E4C1}.Release|Any CPU.ActiveCfg = Release|Any CPU
		{870C35D8-DD9C-459D-8848-70C10491E4C1}.Release|Any CPU.Build.0 = Release|Any CPU
	EndGlobalSection
	GlobalSection(SolutionProperties) = preSolution
		HideSolutionNode = FALSE
	EndGlobalSection
	GlobalSection(ExtensibilityGlobals) = postSolution
		SolutionGuid = {4B703985-6E58-4E11-8524-EA059F60E99D}
	EndGlobalSection
EndGlobal
